
Microsoft Visual Studio Solution File, Format Version 12.00
Project("{FAE04EC0-301F-11D3-BF4B-00C04F79EFBC}") = "QueryVortex.Core", "QueryVortex.Core\QueryVortex.Core.csproj", "{3D8DF568-9A12-485A-A171-6B5DA8D86EE0}"
EndProject
Project("{FAE04EC0-301F-11D3-BF4B-00C04F79EFBC}") = "QueryVortex.Terminal", "QueryVortex.Terminal\QueryVortex.Terminal.csproj", "{5CA72FFE-7245-4B3D-87F3-DD7A69E5832B}"
EndProject
Global
	GlobalSection(SolutionConfigurationPlatforms) = preSolution
		Debug|Any CPU = Debug|Any CPU
		Release|Any CPU = Release|Any CPU
	EndGlobalSection
	GlobalSection(ProjectConfigurationPlatforms) = postSolution
		{3D8DF568-9A12-485A-A171-6B5DA8D86EE0}.Debug|Any CPU.ActiveCfg = Debug|Any CPU
		{3D8DF568-9A12-485A-A171-6B5DA8D86EE0}.Debug|Any CPU.Build.0 = Debug|Any CPU
		{3D8DF568-9A12-485A-A171-6B5DA8D86EE0}.Release|Any CPU.ActiveCfg = Release|Any CPU
		{3D8DF568-9A12-485A-A171-6B5DA8D86EE0}.Release|Any CPU.Build.0 = Release|Any CPU
		{5CA72FFE-7245-4B3D-87F3-DD7A69E5832B}.Debug|Any CPU.ActiveCfg = Debug|Any CPU
		{5CA72FFE-7245-4B3D-87F3-DD7A69E5832B}.Debug|Any CPU.Build.0 = Debug|Any CPU
		{5CA72FFE-7245-4B3D-87F3-DD7A69E5832B}.Release|Any CPU.ActiveCfg = Release|Any CPU
		{5CA72FFE-7245-4B3D-87F3-DD7A69E5832B}.Release|Any CPU.Build.0 = Release|Any CPU
	EndGlobalSection
EndGlobal
